
Microsoft Visual Studio Solution File, Format Version 12.00
# Visual Studio Version 16
VisualStudioVersion = 16.0.30114.105
MinimumVisualStudioVersion = 10.0.40219.1
Project("{FAE04EC0-301F-11D3-BF4B-00C04F79EFBC}") = "CSDLNC_CosplayBanHoa", "CSDLNC_CosplayBanHoa\CSDLNC_CosplayBanHoa.csproj", "{C30ED24A-235E-43B4-A3A4-A827284E77F2}"
EndProject
Global
	GlobalSection(SolutionConfigurationPlatforms) = preSolution
		Debug|Any CPU = Debug|Any CPU
		Release|Any CPU = Release|Any CPU
	EndGlobalSection
	GlobalSection(ProjectConfigurationPlatforms) = postSolution
		{C30ED24A-235E-43B4-A3A4-A827284E77F2}.Debug|Any CPU.ActiveCfg = Debug|Any CPU
		{C30ED24A-235E-43B4-A3A4-A827284E77F2}.Debug|Any CPU.Build.0 = Debug|Any CPU
		{C30ED24A-235E-43B4-A3A4-A827284E77F2}.Release|Any CPU.ActiveCfg = Release|Any CPU
		{C30ED24A-235E-43B4-A3A4-A827284E77F2}.Release|Any CPU.Build.0 = Release|Any CPU
	EndGlobalSection
	GlobalSection(SolutionProperties) = preSolution
		HideSolutionNode = FALSE
	EndGlobalSection
	GlobalSection(ExtensibilityGlobals) = postSolution
		SolutionGuid = {641108A1-AF36-4B91-98F8-D0548B194847}
	EndGlobalSection
EndGlobal
